
Microsoft Visual Studio Solution File, Format Version 11.00
# Visual Studio 2010
Project("{8BC9CEB8-8B4A-11D0-8D11-00A0C91BC942}") = "ConfHelper", "ConfHelper\ConfHelper.vcxproj", "{93B95DD2-5332-484F-ADCA-8AC32EE86124}"
EndProject
Global
	GlobalSection(SolutionConfigurationPlatforms) = preSolution
		Debug|Win32 = Debug|Win32
		Release|Win32 = Release|Win32
	EndGlobalSection
	GlobalSection(ProjectConfigurationPlatforms) = postSolution
		{93B95DD2-5332-484F-ADCA-8AC32EE86124}.Debug|Win32.ActiveCfg = Debug|Win32
		{93B95DD2-5332-484F-ADCA-8AC32EE86124}.Debug|Win32.Build.0 = Debug|Win32
		{93B95DD2-5332-484F-ADCA-8AC32EE86124}.Release|Win32.ActiveCfg = Release|Win32
		{93B95DD2-5332-484F-ADCA-8AC32EE86124}.Release|Win32.Build.0 = Release|Win32
	EndGlobalSection
	GlobalSection(SolutionProperties) = preSolution
		HideSolutionNode = FALSE
	EndGlobalSection
EndGlobal
